dependencies:
- name: opentelemetry-collector
  repository: https://open-telemetry.github.io/opentelemetry-helm-charts
  version: 0.156.2
- name: postgresql
  repository: https://charts.bitnami.com/bitnami
  version: 18.7.2
digest: sha256:19a4426c18c483b7191c6fdaaf68eca8425e64eb71977eaaf57c641161daea7d
generated: "2026-06-08T08:08:37.137936995Z"
