dependencies:
- name: opentelemetry-collector
  repository: https://open-telemetry.github.io/opentelemetry-helm-charts
  version: 0.147.1
- name: postgresql
  repository: https://charts.bitnami.com/bitnami
  version: 18.5.14
digest: sha256:ec86d1057fbfc134d3b72e19bb7b63064ed049883707b22c89e0cbbc5cfa8094
generated: "2026-03-30T08:20:30.679896835Z"
